// !$*UTF8*$!
{
	archiveVersion = 1;
	classes = {
	};
	objectVersion = 56;
	objects = {

/* Begin PBXBuildFile section */
		BF3E8FF72A7E964E00AFAB8E /* ScrumdingerApp.swift in Sources */ = {isa = PBXBuildFile; fileRef = BF3E8FF62A7E964E00AFAB8E /* ScrumdingerApp.swift */; };
		BF3E8FF92A7E964E00AFAB8E /* MeetingView.swift in Sources */ = {isa = PBXBuildFile; fileRef = BF3E8FF82A7E964E00AFAB8E /* MeetingView.swift */; };
		BF3E8FFB2A7E964F00AFAB8E /* Assets.xcassets in Resources */ = {isa = PBXBuildFile; fileRef = BF3E8FFA2A7E964F00AFAB8E /* Assets.xcassets */; };
		BF3E8FFE2A7E964F00AFAB8E /* Preview Assets.xcassets in Resources */ = {isa = PBXBuildFile; fileRef = BF3E8FFD2A7E964F00AFAB8E /* Preview Assets.xcassets */; };
		BF3E90062A7E9AFA00AFAB8E /* Theme.swift in Sources */ = {isa = PBXBuildFile; fileRef = BF3E90052A7E9AFA00AFAB8E /* Theme.swift */; };
		BF3E90082A7E9B8300AFAB8E /* DailyScrum.swift in Sources */ = {isa = PBXBuildFile; fileRef = BF3E90072A7E9B8300AFAB8E /* DailyScrum.swift */; };
		BF3E900A2A7EAF4600AFAB8E /* CardView.swift in Sources */ = {isa = PBXBuildFile; fileRef = BF3E90092A7EAF4600AFAB8E /* CardView.swift */; };
		BFC21AE12A7EB53700094943 /* TrailingIconLabelStyle.swift in Sources */ = {isa = PBXBuildFile; fileRef = BFC21AE02A7EB53700094943 /* TrailingIconLabelStyle.swift */; };
		BFC21AE32A7EB7D800094943 /* ScrumsView.swift in Sources */ = {isa = PBXBuildFile; fileRef = BFC21AE22A7EB7D800094943 /* ScrumsView.swift */; };
		BFC21AE52A7EBC5D00094943 /* DetailView.swift in Sources */ = {isa = PBXBuildFile; fileRef = BFC21AE42A7EBC5D00094943 /* DetailView.swift */; };
		BFC21AE72A7F3C1E00094943 /* DetailEditView.swift in Sources */ = {isa = PBXBuildFile; fileRef = BFC21AE62A7F3C1E00094943 /* DetailEditView.swift */; };
		BFC21AE92A80CD4100094943 /* ThemeView.swift in Sources */ = {isa = PBXBuildFile; fileRef = BFC21AE82A80CD4100094943 /* ThemeView.swift */; };
		BFC21AEB2A80CE2600094943 /* ThemePicker.swift in Sources */ = {isa = PBXBuildFile; fileRef = BFC21AEA2A80CE2600094943 /* ThemePicker.swift */; };
		BFC21AED2A80EC6800094943 /* MeetingHeaderView.swift in Sources */ = {isa = PBXBuildFile; fileRef = BFC21AEC2A80EC6800094943 /* MeetingHeaderView.swift */; };
		BFC21AF02A80EEC100094943 /* ScrumProgressViewStyle.swift in Sources */ = {isa = PBXBuildFile; fileRef = BFC21AEF2A80EEC100094943 /* ScrumProgressViewStyle.swift */; };
		BFC21AF32A80EF4A00094943 /* ding.wav in Resources */ = {isa = PBXBuildFile; fileRef = BFC21AF22A80EF4A00094943 /* ding.wav */; };
		BFC21AF52A80EF6A00094943 /* AVPlayer+Ding.swift in Sources */ = {isa = PBXBuildFile; fileRef = BFC21AF42A80EF6A00094943 /* AVPlayer+Ding.swift */; };
		BFC21AF72A80EFCF00094943 /* ScrumTimer.swift in Sources */ = {isa = PBXBuildFile; fileRef = BFC21AF62A80EFCF00094943 /* ScrumTimer.swift */; };
		BFC21AF92A80FAFE00094943 /* MeetingFooterView.swift in Sources */ = {isa = PBXBuildFile; fileRef = BFC21AF82A80FAFE00094943 /* MeetingFooterView.swift */; };
		BFC21AFB2A80FED600094943 /* NewScrumSheet.swift in Sources */ = {isa = PBXBuildFile; fileRef = BFC21AFA2A80FED600094943 /* NewScrumSheet.swift */; };
		BFC21AFE2A810DB200094943 /* History.swift in Sources */ = {isa = PBXBuildFile; fileRef = BFC21AFD2A810DB200094943 /* History.swift */; };
		BFC21B002A812F2B00094943 /* ScrumStore.swift in Sources */ = {isa = PBXBuildFile; fileRef = BFC21AFF2A812F2B00094943 /* ScrumStore.swift */; };
		BFC21B022A82953D00094943 /* ErrorWrapper.swift in Sources */ = {isa = PBXBuildFile; fileRef = BFC21B012A82953D00094943 /* ErrorWrapper.swift */; };
		BFC21B042A8295C200094943 /* ErrorView.swift in Sources */ = {isa = PBXBuildFile; fileRef = BFC21B032A8295C200094943 /* ErrorView.swift */; };
		BFC21B062A829E7400094943 /* MeetingTimerView.swift in Sources */ = {isa = PBXBuildFile; fileRef = BFC21B052A829E7400094943 /* MeetingTimerView.swift */; };
		BFC21B0A2A82A03300094943 /* SpeakerArc.swift in Sources */ = {isa = PBXBuildFile; fileRef = BFC21B092A82A03300094943 /* SpeakerArc.swift */; };
/* End PBXBuildFile section */

/* Begin PBXFileReference section */
		BF3E8FF32A7E964E00AFAB8E /* Scrumdinger.app */ = {isa = PBXFileReference; explicitFileType = wrapper.application; includeInIndex = 0; path = Scrumdinger.app; sourceTree = BUILT_PRODUCTS_DIR; };
		BF3E8FF62A7E964E00AFAB8E /* ScrumdingerApp.swift */ = {isa = PBXFileReference; lastKnownFileType = sourcecode.swift; path = ScrumdingerApp.swift; sourceTree = "<group>"; };
		BF3E8FF82A7E964E00AFAB8E /* MeetingView.swift */ = {isa = PBXFileReference; lastKnownFileType = sourcecode.swift; path = MeetingView.swift; sourceTree = "<group>"; };
		BF3E8FFA2A7E964F00AFAB8E /* Assets.xcassets */ = {isa = PBXFileReference; lastKnownFileType = folder.assetcatalog; path = Assets.xcassets; sourceTree = "<group>"; };
		BF3E8FFD2A7E964F00AFAB8E /* Preview Assets.xcassets */ = {isa = PBXFileReference; lastKnownFileType = folder.assetcatalog; path = "Preview Assets.xcassets"; sourceTree = "<group>"; };
		BF3E90052A7E9AFA00AFAB8E /* Theme.swift */ = {isa = PBXFileReference; lastKnownFileType = sourcecode.swift; path = Theme.swift; sourceTree = "<group>"; };
		BF3E90072A7E9B8300AFAB8E /* DailyScrum.swift */ = {isa = PBXFileReference; lastKnownFileType = sourcecode.swift; path = DailyScrum.swift; sourceTree = "<group>"; };
		BF3E90092A7EAF4600AFAB8E /* CardView.swift */ = {isa = PBXFileReference; lastKnownFileType = sourcecode.swift; path = CardView.swift; sourceTree = "<group>"; };
		BFC21AE02A7EB53700094943 /* TrailingIconLabelStyle.swift */ = {isa = PBXFileReference; lastKnownFileType = sourcecode.swift; path = TrailingIconLabelStyle.swift; sourceTree = "<group>"; };
		BFC21AE22A7EB7D800094943 /* ScrumsView.swift */ = {isa = PBXFileReference; lastKnownFileType = sourcecode.swift; path = ScrumsView.swift; sourceTree = "<group>"; };
		BFC21AE42A7EBC5D00094943 /* DetailView.swift */ = {isa = PBXFileReference; lastKnownFileType = sourcecode.swift; path = DetailView.swift; sourceTree = "<group>"; };
		BFC21AE62A7F3C1E00094943 /* DetailEditView.swift */ = {isa = PBXFileReference; lastKnownFileType = sourcecode.swift; path = DetailEditView.swift; sourceTree = "<group>"; };
		BFC21AE82A80CD4100094943 /* ThemeView.swift */ = {isa = PBXFileReference; lastKnownFileType = sourcecode.swift; path = ThemeView.swift; sourceTree = "<group>"; };
		BFC21AEA2A80CE2600094943 /* ThemePicker.swift */ = {isa = PBXFileReference; lastKnownFileType = sourcecode.swift; path = ThemePicker.swift; sourceTree = "<group>"; };
		BFC21AEC2A80EC6800094943 /* MeetingHeaderView.swift */ = {isa = PBXFileReference; lastKnownFileType = sourcecode.swift; path = MeetingHeaderView.swift; sourceTree = "<group>"; };
		BFC21AEF2A80EEC100094943 /* ScrumProgressViewStyle.swift */ = {isa = PBXFileReference; fileEncoding = 4; lastKnownFileType = sourcecode.swift; path = ScrumProgressViewStyle.swift; sourceTree = "<group>"; };
		BFC21AF22A80EF4A00094943 /* ding.wav */ = {isa = PBXFileReference; lastKnownFileType = audio.wav; path = ding.wav; sourceTree = "<group>"; };
		BFC21AF42A80EF6A00094943 /* AVPlayer+Ding.swift */ = {isa = PBXFileReference; fileEncoding = 4; lastKnownFileType = sourcecode.swift; name = "AVPlayer+Ding.swift"; path = "../../../../../Downloads/ManagingStateAndLifeCycle-2/StartingProject/Scrumdinger/Models/AVPlayer+Ding.swift"; sourceTree = "<group>"; };
		BFC21AF62A80EFCF00094943 /* ScrumTimer.swift */ = {isa = PBXFileReference; fileEncoding = 4; lastKnownFileType = sourcecode.swift; path = ScrumTimer.swift; sourceTree = "<group>"; };
		BFC21AF82A80FAFE00094943 /* MeetingFooterView.swift */ = {isa = PBXFileReference; lastKnownFileType = sourcecode.swift; path = MeetingFooterView.swift; sourceTree = "<group>"; };
		BFC21AFA2A80FED600094943 /* NewScrumSheet.swift */ = {isa = PBXFileReference; lastKnownFileType = sourcecode.swift; path = NewScrumSheet.swift; sourceTree = "<group>"; };
		BFC21AFD2A810DB200094943 /* History.swift */ = {isa = PBXFileReference; lastKnownFileType = sourcecode.swift; path = History.swift; sourceTree = "<group>"; };
		BFC21AFF2A812F2B00094943 /* ScrumStore.swift */ = {isa = PBXFileReference; lastKnownFileType = sourcecode.swift; path = ScrumStore.swift; sourceTree = "<group>"; };
		BFC21B012A82953D00094943 /* ErrorWrapper.swift */ = {isa = PBXFileReference; lastKnownFileType = sourcecode.swift; path = ErrorWrapper.swift; sourceTree = "<group>"; };
		BFC21B032A8295C200094943 /* ErrorView.swift */ = {isa = PBXFileReference; lastKnownFileType = sourcecode.swift; path = ErrorView.swift; sourceTree = "<group>"; };
		BFC21B052A829E7400094943 /* MeetingTimerView.swift */ = {isa = PBXFileReference; lastKnownFileType = sourcecode.swift; path = MeetingTimerView.swift; sourceTree = "<group>"; };
		BFC21B092A82A03300094943 /* SpeakerArc.swift */ = {isa = PBXFileReference; lastKnownFileType = sourcecode.swift; path = SpeakerArc.swift; sourceTree = "<group>"; };
/* End PBXFileReference section */

/* Begin PBXFrameworksBuildPhase section */
		BF3E8FF02A7E964E00AFAB8E /* Frameworks */ = {
			isa = PBXFrameworksBuildPhase;
			buildActionMask = 2147483647;
			files = (
			);
			runOnlyForDeploymentPostprocessing = 0;
		};
/* End PBXFrameworksBuildPhase section */

/* Begin PBXGroup section */
		BF3E8FEA2A7E964E00AFAB8E = {
			isa = PBXGroup;
			children = (
				BF3E8FF52A7E964E00AFAB8E /* Scrumdinger */,
				BF3E8FF42A7E964E00AFAB8E /* Products */,
			);
			sourceTree = "<group>";
		};
		BF3E8FF42A7E964E00AFAB8E /* Products */ = {
			isa = PBXGroup;
			children = (
				BF3E8FF32A7E964E00AFAB8E /* Scrumdinger.app */,
			);
			name = Products;
			sourceTree = "<group>";
		};
		BF3E8FF52A7E964E00AFAB8E /* Scrumdinger */ = {
			isa = PBXGroup;
			children = (
				BFC21AF12A80EF4A00094943 /* Resources */,
				BFC21AEE2A80EDE000094943 /* Views */,
				BF3E90042A7E9ADF00AFAB8E /* Models */,
				BF3E8FF62A7E964E00AFAB8E /* ScrumdingerApp.swift */,
				BF3E8FFA2A7E964F00AFAB8E /* Assets.xcassets */,
				BF3E8FFC2A7E964F00AFAB8E /* Preview Content */,
			);
			path = Scrumdinger;
			sourceTree = "<group>";
		};
		BF3E8FFC2A7E964F00AFAB8E /* Preview Content */ = {
			isa = PBXGroup;
			children = (
				BF3E8FFD2A7E964F00AFAB8E /* Preview Assets.xcassets */,
			);
			path = "Preview Content";
			sourceTree = "<group>";
		};
		BF3E90042A7E9ADF00AFAB8E /* Models */ = {
			isa = PBXGroup;
			children = (
				BFC21AF62A80EFCF00094943 /* ScrumTimer.swift */,
				BFC21AF42A80EF6A00094943 /* AVPlayer+Ding.swift */,
				BF3E90052A7E9AFA00AFAB8E /* Theme.swift */,
				BF3E90072A7E9B8300AFAB8E /* DailyScrum.swift */,
				BFC21AFD2A810DB200094943 /* History.swift */,
				BFC21AFF2A812F2B00094943 /* ScrumStore.swift */,
				BFC21B012A82953D00094943 /* ErrorWrapper.swift */,
			);
			path = Models;
			sourceTree = "<group>";
		};
		BFC21AEE2A80EDE000094943 /* Views */ = {
			isa = PBXGroup;
			children = (
				BFC21AEF2A80EEC100094943 /* ScrumProgressViewStyle.swift */,
				BFC21AE02A7EB53700094943 /* TrailingIconLabelStyle.swift */,
				BF3E90092A7EAF4600AFAB8E /* CardView.swift */,
				BFC21B032A8295C200094943 /* ErrorView.swift */,
				BFC21AE62A7F3C1E00094943 /* DetailEditView.swift */,
				BFC21AE22A7EB7D800094943 /* ScrumsView.swift */,
				BFC21AFA2A80FED600094943 /* NewScrumSheet.swift */,
				BFC21AE42A7EBC5D00094943 /* DetailView.swift */,
				BFC21AE82A80CD4100094943 /* ThemeView.swift */,
				BFC21B052A829E7400094943 /* MeetingTimerView.swift */,
				BFC21AEA2A80CE2600094943 /* ThemePicker.swift */,
				BF3E8FF82A7E964E00AFAB8E /* MeetingView.swift */,
				BFC21B092A82A03300094943 /* SpeakerArc.swift */,
				BFC21AF82A80FAFE00094943 /* MeetingFooterView.swift */,
				BFC21AEC2A80EC6800094943 /* MeetingHeaderView.swift */,
			);
			path = Views;
			sourceTree = "<group>";
		};
		BFC21AF12A80EF4A00094943 /* Resources */ = {
			isa = PBXGroup;
			children = (
				BFC21AF22A80EF4A00094943 /* ding.wav */,
			);
			name = Resources;
			path = "../../../../Downloads/ManagingStateAndLifeCycle-2/StartingProject/Scrumdinger/Resources";
			sourceTree = "<group>";
		};
/* End PBXGroup section */

/* Begin PBXNativeTarget section */
		BF3E8FF22A7E964E00AFAB8E /* Scrumdinger */ = {
			isa = PBXNativeTarget;
			buildConfigurationList = BF3E90012A7E964F00AFAB8E /* Build configuration list for PBXNativeTarget "Scrumdinger" */;
			buildPhases = (
				BF3E8FEF2A7E964E00AFAB8E /* Sources */,
				BF3E8FF02A7E964E00AFAB8E /* Frameworks */,
				BF3E8FF12A7E964E00AFAB8E /* Resources */,
			);
			buildRules = (
			);
			dependencies = (
			);
			name = Scrumdinger;
			productName = Scrumdinger;
			productReference = BF3E8FF32A7E964E00AFAB8E /* Scrumdinger.app */;
			productType = "com.apple.product-type.application";
		};
/* End PBXNativeTarget section */

/* Begin PBXProject section */
		BF3E8FEB2A7E964E00AFAB8E /* Project object */ = {
			isa = PBXProject;
			attributes = {
				BuildIndependentTargetsInParallel = 1;
				LastSwiftUpdateCheck = 1430;
				LastUpgradeCheck = 1430;
				TargetAttributes = {
					BF3E8FF22A7E964E00AFAB8E = {
						CreatedOnToolsVersion = 14.3.1;
					};
				};
			};
			buildConfigurationList = BF3E8FEE2A7E964E00AFAB8E /* Build configuration list for PBXProject "Scrumdinger" */;
			compatibilityVersion = "Xcode 14.0";
			developmentRegion = en;
			hasScannedForEncodings = 0;
			knownRegions = (
				en,
				Base,
			);
			mainGroup = BF3E8FEA2A7E964E00AFAB8E;
			productRefGroup = BF3E8FF42A7E964E00AFAB8E /* Products */;
			projectDirPath = "";
			projectRoot = "";
			targets = (
				BF3E8FF22A7E964E00AFAB8E /* Scrumdinger */,
			);
		};
/* End PBXProject section */

/* Begin PBXResourcesBuildPhase section */
		BF3E8FF12A7E964E00AFAB8E /* Resources */ = {
			isa = PBXResourcesBuildPhase;
			buildActionMask = 2147483647;
			files = (
				BFC21AF32A80EF4A00094943 /* ding.wav in Resources */,
				BF3E8FFE2A7E964F00AFAB8E /* Preview Assets.xcassets in Resources */,
				BF3E8FFB2A7E964F00AFAB8E /* Assets.xcassets in Resources */,
			);
			runOnlyForDeploymentPostprocessing = 0;
		};
/* End PBXResourcesBuildPhase section */

/* Begin PBXSourcesBuildPhase section */
		BF3E8FEF2A7E964E00AFAB8E /* Sources */ = {
			isa = PBXSourcesBuildPhase;
			buildActionMask = 2147483647;
			files = (
				BFC21AFE2A810DB200094943 /* History.swift in Sources */,
				BFC21AEB2A80CE2600094943 /* ThemePicker.swift in Sources */,
				BFC21AF02A80EEC100094943 /* ScrumProgressViewStyle.swift in Sources */,
				BF3E90082A7E9B8300AFAB8E /* DailyScrum.swift in Sources */,
				BFC21B0A2A82A03300094943 /* SpeakerArc.swift in Sources */,
				BFC21B042A8295C200094943 /* ErrorView.swift in Sources */,
				BFC21AE52A7EBC5D00094943 /* DetailView.swift in Sources */,
				BFC21B062A829E7400094943 /* MeetingTimerView.swift in Sources */,
				BFC21AED2A80EC6800094943 /* MeetingHeaderView.swift in Sources */,
				BFC21B002A812F2B00094943 /* ScrumStore.swift in Sources */,
				BFC21AF92A80FAFE00094943 /* MeetingFooterView.swift in Sources */,
				BFC21B022A82953D00094943 /* ErrorWrapper.swift in Sources */,
				BFC21AE72A7F3C1E00094943 /* DetailEditView.swift in Sources */,
				BFC21AE12A7EB53700094943 /* TrailingIconLabelStyle.swift in Sources */,
				BFC21AFB2A80FED600094943 /* NewScrumSheet.swift in Sources */,
				BF3E90062A7E9AFA00AFAB8E /* Theme.swift in Sources */,
				BFC21AE32A7EB7D800094943 /* ScrumsView.swift in Sources */,
				BFC21AF72A80EFCF00094943 /* ScrumTimer.swift in Sources */,
				BFC21AF52A80EF6A00094943 /* AVPlayer+Ding.swift in Sources */,
				BF3E8FF92A7E964E00AFAB8E /* MeetingView.swift in Sources */,
				BF3E8FF72A7E964E00AFAB8E /* ScrumdingerApp.swift in Sources */,
				BFC21AE92A80CD4100094943 /* ThemeView.swift in Sources */,
				BF3E900A2A7EAF4600AFAB8E /* CardView.swift in Sources */,
			);
			runOnlyForDeploymentPostprocessing = 0;
		};
/* End PBXSourcesBuildPhase section */

/* Begin XCBuildConfiguration section */
		BF3E8FFF2A7E964F00AFAB8E /* Debug */ = {
			isa = XCBuildConfiguration;
			buildSettings = {
				ALWAYS_SEARCH_USER_PATHS = NO;
				CLANG_ANALYZER_NONNULL = YES;
				CLANG_ANALYZER_NUMBER_OBJECT_CONVERSION = YES_AGGRESSIVE;
				CLANG_CXX_LANGUAGE_STANDARD = "gnu++20";
				CLANG_ENABLE_MODULES = YES;
				CLANG_ENABLE_OBJC_ARC = YES;
				CLANG_ENABLE_OBJC_WEAK = YES;
				CLANG_WARN_BLOCK_CAPTURE_AUTORELEASING = YES;
				CLANG_WARN_BOOL_CONVERSION = YES;
				CLANG_WARN_COMMA = YES;
				CLANG_WARN_CONSTANT_CONVERSION = YES;
				CLANG_WARN_DEPRECATED_OBJC_IMPLEMENTATIONS = YES;
				CLANG_WARN_DIRECT_OBJC_ISA_USAGE = YES_ERROR;
				CLANG_WARN_DOCUMENTATION_COMMENTS = YES;
				CLANG_WARN_EMPTY_BODY = YES;
				CLANG_WARN_ENUM_CONVERSION = YES;
				CLANG_WARN_INFINITE_RECURSION = YES;
				CLANG_WARN_INT_CONVERSION = YES;
				CLANG_WARN_NON_LITERAL_NULL_CONVERSION = YES;
				CLANG_WARN_OBJC_IMPLICIT_RETAIN_SELF = YES;
				CLANG_WARN_OBJC_LITERAL_CONVERSION = YES;
				CLANG_WARN_OBJC_ROOT_CLASS = YES_ERROR;
				CLANG_WARN_QUOTED_INCLUDE_IN_FRAMEWORK_HEADER = YES;
				CLANG_WARN_RANGE_LOOP_ANALYSIS = YES;
				CLANG_WARN_STRICT_PROTOTYPES = YES;
				CLANG_WARN_SUSPICIOUS_MOVE = YES;
				CLANG_WARN_UNGUARDED_AVAILABILITY = YES_AGGRESSIVE;
				CLANG_WARN_UNREACHABLE_CODE = YES;
				CLANG_WARN__DUPLICATE_METHOD_MATCH = YES;
				COPY_PHASE_STRIP = NO;
				DEBUG_INFORMATION_FORMAT = dwarf;
				ENABLE_STRICT_OBJC_MSGSEND = YES;
				ENABLE_TESTABILITY = YES;
				GCC_C_LANGUAGE_STANDARD = gnu11;
				GCC_DYNAMIC_NO_PIC = NO;
				GCC_NO_COMMON_BLOCKS = YES;
				GCC_OPTIMIZATION_LEVEL = 0;
				GCC_PREPROCESSOR_DEFINITIONS = (
					"DEBUG=1",
					"$(inherited)",
				);
				GCC_WARN_64_TO_32_BIT_CONVERSION = YES;
				GCC_WARN_ABOUT_RETURN_TYPE = YES_ERROR;
				GCC_WARN_UNDECLARED_SELECTOR = YES;
				GCC_WARN_UNINITIALIZED_AUTOS = YES_AGGRESSIVE;
				GCC_WARN_UNUSED_FUNCTION = YES;
				GCC_WARN_UNUSED_VARIABLE = YES;
				IPHONEOS_DEPLOYMENT_TARGET = 16.4;
				MTL_ENABLE_DEBUG_INFO = INCLUDE_SOURCE;
				MTL_FAST_MATH = YES;
				ONLY_ACTIVE_ARCH = YES;
				SDKROOT = iphoneos;
				SWIFT_ACTIVE_COMPILATION_CONDITIONS = DEBUG;
				SWIFT_OPTIMIZATION_LEVEL = "-Onone";
			};
			name = Debug;
		};
		BF3E90002A7E964F00AFAB8E /* Release */ = {
			isa = XCBuildConfiguration;
			buildSettings = {
				ALWAYS_SEARCH_USER_PATHS = NO;
				CLANG_ANALYZER_NONNULL = YES;
				CLANG_ANALYZER_NUMBER_OBJECT_CONVERSION = YES_AGGRESSIVE;
				CLANG_CXX_LANGUAGE_STANDARD = "gnu++20";
				CLANG_ENABLE_MODULES = YES;
				CLANG_ENABLE_OBJC_ARC = YES;
				CLANG_ENABLE_OBJC_WEAK = YES;
				CLANG_WARN_BLOCK_CAPTURE_AUTORELEASING = YES;
				CLANG_WARN_BOOL_CONVERSION = YES;
				CLANG_WARN_COMMA = YES;
				CLANG_WARN_CONSTANT_CONVERSION = YES;
				CLANG_WARN_DEPRECATED_OBJC_IMPLEMENTATIONS = YES;
				CLANG_WARN_DIRECT_OBJC_ISA_USAGE = YES_ERROR;
				CLANG_WARN_DOCUMENTATION_COMMENTS = YES;
				CLANG_WARN_EMPTY_BODY = YES;
				CLANG_WARN_ENUM_CONVERSION = YES;
				CLANG_WARN_INFINITE_RECURSION = YES;
				CLANG_WARN_INT_CONVERSION = YES;
				CLANG_WARN_NON_LITERAL_NULL_CONVERSION = YES;
				CLANG_WARN_OBJC_IMPLICIT_RETAIN_SELF = YES;
				CLANG_WARN_OBJC_LITERAL_CONVERSION = YES;
				CLANG_WARN_OBJC_ROOT_CLASS = YES_ERROR;
				CLANG_WARN_QUOTED_INCLUDE_IN_FRAMEWORK_HEADER = YES;
				CLANG_WARN_RANGE_LOOP_ANALYSIS = YES;
				CLANG_WARN_STRICT_PROTOTYPES = YES;
				CLANG_WARN_SUSPICIOUS_MOVE = YES;
				CLANG_WARN_UNGUARDED_AVAILABILITY = YES_AGGRESSIVE;
				CLANG_WARN_UNREACHABLE_CODE = YES;
				CLANG_WARN__DUPLICATE_METHOD_MATCH = YES;
				COPY_PHASE_STRIP = NO;
				DEBUG_INFORMATION_FORMAT = "dwarf-with-dsym";
				ENABLE_NS_ASSERTIONS = NO;
				ENABLE_STRICT_OBJC_MSGSEND = YES;
				GCC_C_LANGUAGE_STANDARD = gnu11;
				GCC_NO_COMMON_BLOCKS = YES;
				GCC_WARN_64_TO_32_BIT_CONVERSION = YES;
				GCC_WARN_ABOUT_RETURN_TYPE = YES_ERROR;
				GCC_WARN_UNDECLARED_SELECTOR = YES;
				GCC_WARN_UNINITIALIZED_AUTOS = YES_AGGRESSIVE;
				GCC_WARN_UNUSED_FUNCTION = YES;
				GCC_WARN_UNUSED_VARIABLE = YES;
				IPHONEOS_DEPLOYMENT_TARGET = 16.4;
				MTL_ENABLE_DEBUG_INFO = NO;
				MTL_FAST_MATH = YES;
				SDKROOT = iphoneos;
				SWIFT_COMPILATION_MODE = wholemodule;
				SWIFT_OPTIMIZATION_LEVEL = "-O";
				VALIDATE_PRODUCT = YES;
			};
			name = Release;
		};
		BF3E90022A7E964F00AFAB8E /* Debug */ = {
			isa = XCBuildConfiguration;
			buildSettings = {
				ASSETCATALOG_COMPILER_APPICON_NAME = AppIcon;
				ASSETCATALOG_COMPILER_GLOBAL_ACCENT_COLOR_NAME = AccentColor;
				CODE_SIGN_STYLE = Automatic;
				CURRENT_PROJECT_VERSION = 1;
				DEVELOPMENT_ASSET_PATHS = "\"Scrumdinger/Preview Content\"";
				DEVELOPMENT_TEAM = 4QN838772C;
				ENABLE_PREVIEWS = YES;
				GENERATE_INFOPLIST_FILE = YES;
				INFOPLIST_KEY_UIApplicationSceneManifest_Generation = YES;
				INFOPLIST_KEY_UIApplicationSupportsIndirectInputEvents = YES;
				INFOPLIST_KEY_UILaunchScreen_Generation = YES;
				INFOPLIST_KEY_UISupportedInterfaceOrientations_iPad = "UIInterfaceOrientationPortrait UIInterfaceOrientationPortraitUpsideDown UIInterfaceOrientationLandscapeLeft UIInterfaceOrientationLandscapeRight";
				INFOPLIST_KEY_UISupportedInterfaceOrientations_iPhone = "UIInterfaceOrientationPortrait UIInterfaceOrientationLandscapeLeft UIInterfaceOrientationLandscapeRight";
				LD_RUNPATH_SEARCH_PATHS = (
					"$(inherited)",
					"@executable_path/Frameworks",
				);
				MARKETING_VERSION = 1.0;
				PRODUCT_BUNDLE_IDENTIFIER = com.joshuafigueroa.Scrumdinger;
				PRODUCT_NAME = "$(TARGET_NAME)";
				SWIFT_EMIT_LOC_STRINGS = YES;
				SWIFT_VERSION = 5.0;
				TARGETED_DEVICE_FAMILY = "1,2";
			};
			name = Debug;
		};
		BF3E90032A7E964F00AFAB8E /* Release */ = {
			isa = XCBuildConfiguration;
			buildSettings = {
				ASSETCATALOG_COMPILER_APPICON_NAME = AppIcon;
				ASSETCATALOG_COMPILER_GLOBAL_ACCENT_COLOR_NAME = AccentColor;
				CODE_SIGN_STYLE = Automatic;
				CURRENT_PROJECT_VERSION = 1;
				DEVELOPMENT_ASSET_PATHS = "\"Scrumdinger/Preview Content\"";
				DEVELOPMENT_TEAM = 4QN838772C;
				ENABLE_PREVIEWS = YES;
				GENERATE_INFOPLIST_FILE = YES;
				INFOPLIST_KEY_UIApplicationSceneManifest_Generation = YES;
				INFOPLIST_KEY_UIApplicationSupportsIndirectInputEvents = YES;
				INFOPLIST_KEY_UILaunchScreen_Generation = YES;
				INFOPLIST_KEY_UISupportedInterfaceOrientations_iPad = "UIInterfaceOrientationPortrait UIInterfaceOrientationPortraitUpsideDown UIInterfaceOrientationLandscapeLeft UIInterfaceOrientationLandscapeRight";
				INFOPLIST_KEY_UISupportedInterfaceOrientations_iPhone = "UIInterfaceOrientationPortrait UIInterfaceOrientationLandscapeLeft UIInterfaceOrientationLandscapeRight";
				LD_RUNPATH_SEARCH_PATHS = (
					"$(inherited)",
					"@executable_path/Frameworks",
				);
				MARKETING_VERSION = 1.0;
				PRODUCT_BUNDLE_IDENTIFIER = com.joshuafigueroa.Scrumdinger;
				PRODUCT_NAME = "$(TARGET_NAME)";
				SWIFT_EMIT_LOC_STRINGS = YES;
				SWIFT_VERSION = 5.0;
				TARGETED_DEVICE_FAMILY = "1,2";
			};
			name = Release;
		};
/* End XCBuildConfiguration section */

/* Begin XCConfigurationList section */
		BF3E8FEE2A7E964E00AFAB8E /* Build configuration list for PBXProject "Scrumdinger" */ = {
			isa = XCConfigurationList;
			buildConfigurations = (
				BF3E8FFF2A7E964F00AFAB8E /* Debug */,
				BF3E90002A7E964F00AFAB8E /* Release */,
			);
			defaultConfigurationIsVisible = 0;
			defaultConfigurationName = Release;
		};
		BF3E90012A7E964F00AFAB8E /* Build configuration list for PBXNativeTarget "Scrumdinger" */ = {
			isa = XCConfigurationList;
			buildConfigurations = (
				BF3E90022A7E964F00AFAB8E /* Debug */,
				BF3E90032A7E964F00AFAB8E /* Release */,
			);
			defaultConfigurationIsVisible = 0;
			defaultConfigurationName = Release;
		};
/* End XCConfigurationList section */
	};
	rootObject = BF3E8FEB2A7E964E00AFAB8E /* Project object */;
}
